schema: '2.0'
stages:
  data_ingestion:
    cmd: python src/data/data_ingestion.py
    deps:
    - path: src/data/data_ingestion.py
      hash: md5
      md5: d1c63e0c9adc104d6b39637db4b42044
      size: 3558
    params:
      params.yaml:
        data_ingestion.test_size: 0.2
    outs:
    - path: data/raw
      hash: md5
      md5: 126a04fa424205531cb97599af1bbb22.dir
      size: 1321255
      nfiles: 2
  data_preprocessing:
    cmd: python src/data/data_preprocessing.py
    deps:
    - path: data/raw
      hash: md5
      md5: 126a04fa424205531cb97599af1bbb22.dir
      size: 1321255
      nfiles: 2
    - path: src/data/data_preprocessing.py
      hash: md5
      md5: 65bba19622778987d5c9f908fdd542ac
      size: 3009
    outs:
    - path: data/interim
      hash: md5
      md5: b7270315f2fff9c8a1198d22daff1a14.dir
      size: 816460
      nfiles: 2
  feature_engineering:
    cmd: python src/features/feature_engineering.py
    deps:
    - path: data/interim
      hash: md5
      md5: b7270315f2fff9c8a1198d22daff1a14.dir
      size: 816460
      nfiles: 2
    - path: src/features/feature_engineering.py
      hash: md5
      md5: 33474266cb81efe4fef3d36d0b02988e
      size: 3328
    outs:
    - path: data/processed
      hash: md5
      md5: 3b36aba8c9fc906bb75deca06a323f0c.dir
      size: 57724026
      nfiles: 2
    - path: models/vectorizer.pkl
      hash: md5
      md5: 792c193951ddf56af5d6f72cf8cd5c96
      size: 295748
  model_building:
    cmd: python src/model/model_building.py
    deps:
    - path: data/processed
      hash: md5
      md5: 3b36aba8c9fc906bb75deca06a323f0c.dir
      size: 57724026
      nfiles: 2
    - path: src/model/model_building.py
      hash: md5
      md5: 6e14a37b8451d450485170cb6b469044
      size: 1960
    outs:
    - path: models/model.pkl
      hash: md5
      md5: 1685f63484d4d3538935a38e88fc6750
      size: 112894
  model_evaluation:
    cmd: python src/model/model_evaluation.py
    deps:
    - path: models/model.pkl
      hash: md5
      md5: 1685f63484d4d3538935a38e88fc6750
      size: 112894
    - path: src/model/model_evaluation.py
      hash: md5
      md5: 6c4c0e9d2bfd343c0a376d57d3ef6a8d
      size: 5731
    outs:
    - path: reports/experiment_info.json
      hash: md5
      md5: 9c8b46812cc273587d120754ffe77606
      size: 82
    - path: reports/metrics.json
      hash: md5
      md5: d5464bdd0a03e54b8386a0913d6d934e
      size: 130
  model_registration:
    cmd: python src/model/register_model.py
    deps:
    - path: reports/experiment_info.json
      hash: md5
      md5: 9c8b46812cc273587d120754ffe77606
      size: 82
    - path: src/model/register_model.py
      hash: md5
      md5: 93ff4c240228ed29932bfe946bd82b54
      size: 3311
